
Microsoft Visual Studio Solution File, Format Version 12.00
# Visual Studio 15
VisualStudioVersion = 15.0.26430.6
MinimumVisualStudioVersion = 10.0.40219.1
Project("{FAE04EC0-301F-11D3-BF4B-00C04F79EFBC}") = "AnimeCentralWeb", "AnimeCentralWeb\AnimeCentralWeb.csproj", "{FAE51411-5B5A-467B-9033-7D1DD6F8D40D}"
EndProject
Global
	GlobalSection(SolutionConfigurationPlatforms) = preSolution
		Debug|Any CPU = Debug|Any CPU
		Release|Any CPU = Release|Any CPU
	EndGlobalSection
	GlobalSection(ProjectConfigurationPlatforms) = postSolution
		{FAE51411-5B5A-467B-9033-7D1DD6F8D40D}.Debug|Any CPU.ActiveCfg = Debug|Any CPU
		{FAE51411-5B5A-467B-9033-7D1DD6F8D40D}.Debug|Any CPU.Build.0 = Debug|Any CPU
		{FAE51411-5B5A-467B-9033-7D1DD6F8D40D}.Release|Any CPU.ActiveCfg = Release|Any CPU
		{FAE51411-5B5A-467B-9033-7D1DD6F8D40D}.Release|Any CPU.Build.0 = Release|Any CPU
	EndGlobalSection
	GlobalSection(SolutionProperties) = preSolution
		HideSolutionNode = FALSE
	EndGlobalSection
EndGlobal
